
Microsoft Visual Studio Solution File, Format Version 12.00
# Visual Studio Version 16
VisualStudioVersion = 16.0.30907.101
MinimumVisualStudioVersion = 10.0.40219.1
Project("{FAE04EC0-301F-11D3-BF4B-00C04F79EFBC}") = "PaymentsApp.Android", "PaymentsApp\PaymentsApp.Android\PaymentsApp.Android.csproj", "{C8B286F4-067A-41C3-9234-2EBAF290CD38}"
EndProject
Project("{FAE04EC0-301F-11D3-BF4B-00C04F79EFBC}") = "PaymentsApp", "PaymentsApp\PaymentsApp\PaymentsApp.csproj", "{9EE61A9B-C6D1-4320-B8A5-AC53A35EC8F4}"
EndProject
Global
	GlobalSection(SolutionConfigurationPlatforms) = preSolution
		Debug|Any CPU = Debug|Any CPU
		Release|Any CPU = Release|Any CPU
	EndGlobalSection
	GlobalSection(ProjectConfigurationPlatforms) = postSolution
		{C8B286F4-067A-41C3-9234-2EBAF290CD38}.Debug|Any CPU.ActiveCfg = Debug|Any CPU
		{C8B286F4-067A-41C3-9234-2EBAF290CD38}.Debug|Any CPU.Build.0 = Debug|Any CPU
		{C8B286F4-067A-41C3-9234-2EBAF290CD38}.Debug|Any CPU.Deploy.0 = Debug|Any CPU
		{C8B286F4-067A-41C3-9234-2EBAF290CD38}.Release|Any CPU.ActiveCfg = Release|Any CPU
		{C8B286F4-067A-41C3-9234-2EBAF290CD38}.Release|Any CPU.Build.0 = Release|Any CPU
		{C8B286F4-067A-41C3-9234-2EBAF290CD38}.Release|Any CPU.Deploy.0 = Release|Any CPU
		{9EE61A9B-C6D1-4320-B8A5-AC53A35EC8F4}.Debug|Any CPU.ActiveCfg = Debug|Any CPU
		{9EE61A9B-C6D1-4320-B8A5-AC53A35EC8F4}.Debug|Any CPU.Build.0 = Debug|Any CPU
		{9EE61A9B-C6D1-4320-B8A5-AC53A35EC8F4}.Debug|Any CPU.Deploy.0 = Debug|Any CPU
		{9EE61A9B-C6D1-4320-B8A5-AC53A35EC8F4}.Release|Any CPU.ActiveCfg = Release|Any CPU
		{9EE61A9B-C6D1-4320-B8A5-AC53A35EC8F4}.Release|Any CPU.Build.0 = Release|Any CPU
		{9EE61A9B-C6D1-4320-B8A5-AC53A35EC8F4}.Release|Any CPU.Deploy.0 = Release|Any CPU
	EndGlobalSection
	GlobalSection(SolutionProperties) = preSolution
		HideSolutionNode = FALSE
	EndGlobalSection
	GlobalSection(ExtensibilityGlobals) = postSolution
		SolutionGuid = {9FDE6B82-546B-4E2B-B09F-864AB0B643C6}
	EndGlobalSection
EndGlobal
